
Microsoft Visual Studio Solution File, Format Version 12.00
# Visual Studio 15
VisualStudioVersion = 15.0.28010.2026
MinimumVisualStudioVersion = 10.0.40219.1
Project("{E24C65DC-7377-472B-9ABA-BC803B73C61A}") = "ab-TranslatedTriangle", "ab-TranslatedTriangle\", "{D034F3B0-DCD8-4E4B-99B4-37C72872F876}"
	ProjectSection(WebsiteProperties) = preProject
		TargetFrameworkMoniker = ".NETFramework,Version%3Dv4.6.1"
		Debug.AspNetCompiler.VirtualPath = "/localhost_7504"
		Debug.AspNetCompiler.PhysicalPath = "ab-TranslatedTriangle\"
		Debug.AspNetCompiler.TargetPath = "PrecompiledWeb\localhost_7504\"
		Debug.AspNetCompiler.Updateable = "true"
		Debug.AspNetCompiler.ForceOverwrite = "true"
		Debug.AspNetCompiler.FixedNames = "false"
		Debug.AspNetCompiler.Debug = "True"
		Release.AspNetCompiler.VirtualPath = "/localhost_7504"
		Release.AspNetCompiler.PhysicalPath = "ab-TranslatedTriangle\"
		Release.AspNetCompiler.TargetPath = "PrecompiledWeb\localhost_7504\"
		Release.AspNetCompiler.Updateable = "true"
		Release.AspNetCompiler.ForceOverwrite = "true"
		Release.AspNetCompiler.FixedNames = "false"
		Release.AspNetCompiler.Debug = "False"
		VWDPort = "7504"
		SlnRelativePath = "ab-TranslatedTriangle\"
		DefaultWebSiteLanguage = "Visual C#"
	EndProjectSection
EndProject
Global
	GlobalSection(SolutionConfigurationPlatforms) = preSolution
		Debug|Any CPU = Debug|Any CPU
	EndGlobalSection
	GlobalSection(ProjectConfigurationPlatforms) = postSolution
		{D034F3B0-DCD8-4E4B-99B4-37C72872F876}.Debug|Any CPU.ActiveCfg = Debug|Any CPU
		{D034F3B0-DCD8-4E4B-99B4-37C72872F876}.Debug|Any CPU.Build.0 = Debug|Any CPU
	EndGlobalSection
	GlobalSection(SolutionProperties) = preSolution
		HideSolutionNode = FALSE
	EndGlobalSection
	GlobalSection(ExtensibilityGlobals) = postSolution
		SolutionGuid = {5144D30E-E82F-4D7A-BFFA-B62CED376A8E}
	EndGlobalSection
EndGlobal
